
Microsoft Visual Studio Solution File, Format Version 12.00
# Visual Studio Version 17
VisualStudioVersion = 17.5.002.0
MinimumVisualStudioVersion = 10.0.40219.1
Project("{9A19103F-16F7-4668-BE54-9A1E7A4F7556}") = "PC3API", "PC3API.csproj", "{2D4E8EAF-7E92-44F7-A7D0-A000F91F6B3E}"
EndProject
Global
	GlobalSection(SolutionConfigurationPlatforms) = preSolution
		Debug|Any CPU = Debug|Any CPU
		Release|Any CPU = Release|Any CPU
	EndGlobalSection
	GlobalSection(ProjectConfigurationPlatforms) = postSolution
		{2D4E8EAF-7E92-44F7-A7D0-A000F91F6B3E}.Debug|Any CPU.ActiveCfg = Debug|Any CPU
		{2D4E8EAF-7E92-44F7-A7D0-A000F91F6B3E}.Debug|Any CPU.Build.0 = Debug|Any CPU
		{2D4E8EAF-7E92-44F7-A7D0-A000F91F6B3E}.Release|Any CPU.ActiveCfg = Release|Any CPU
		{2D4E8EAF-7E92-44F7-A7D0-A000F91F6B3E}.Release|Any CPU.Build.0 = Release|Any CPU
	EndGlobalSection
	GlobalSection(SolutionProperties) = preSolution
		HideSolutionNode = FALSE
	EndGlobalSection
	GlobalSection(ExtensibilityGlobals) = postSolution
		SolutionGuid = {8ECE8B69-618B-4BBA-AD80-A8B4F62C28DF}
	EndGlobalSection
EndGlobal
